PODS:
  - flutter_webrtc (1.0.0):
    - FlutterMacOS
    - WebRTC-SDK (= 137.7151.02)
  - FlutterMacOS (1.0.0)
  - path_provider_foundation (0.0.1):
    - Flutter
    - FlutterMacOS
  - url_launcher_macos (0.0.1):
    - FlutterMacOS
  - WebRTC-SDK (137.7151.02)

DEPENDENCIES:
  - flutter_webrtc (from `Flutter/ephemeral/.symlinks/plugins/flutter_webrtc/macos`)
  - FlutterMacOS (from `Flutter/ephemeral`)
  - path_provider_foundation (from `Flutter/ephemeral/.symlinks/plugins/path_provider_foundation/darwin`)
  - url_launcher_macos (from `Flutter/ephemeral/.symlinks/plugins/url_launcher_macos/macos`)

SPEC REPOS:
  trunk:
    - WebRTC-SDK

EXTERNAL SOURCES:
  flutter_webrtc:
    :path: Flutter/ephemeral/.symlinks/plugins/flutter_webrtc/macos
  FlutterMacOS:
    :path: Flutter/ephemeral
  path_provider_foundation:
    :path: Flutter/ephemeral/.symlinks/plugins/path_provider_foundation/darwin
  url_launcher_macos:
    :path: Flutter/ephemeral/.symlinks/plugins/url_launcher_macos/macos

SPEC CHECKSUMS:
  flutter_webrtc: 1c321a84e4b323b2597acc52dda6209549a5da4f
  FlutterMacOS: 8f6f14fa908a6fb3fba0cd85dbd81ec4b251fb24
  path_provider_foundation: 2b6b4c569c0fb62ec74538f866245ac84301af46
  url_launcher_macos: c82c93949963e55b228a30115bd219499a6fe404
  WebRTC-SDK: d20de357dcbf7c9696b124b39f3ff62125107e4b

PODFILE CHECKSUM: 54d867c82ac51cbd61b565781b9fada492027009

COCOAPODS: 1.16.2
