PODS:
  - Flutter (1.0.0)
  - flutter_keyboard_visibility (0.0.1):
    - Flutter
  - flutter_webrtc (1.1.0):
    - Flutter
    - WebRTC-SDK (= 137.7151.03)
  - path_provider_foundation (0.0.1):
    - Flutter
    - FlutterMacOS
  - pointer_interceptor_ios (0.0.1):
    - Flutter
  - url_launcher_ios (0.0.1):
    - Flutter
  - WebRTC-SDK (137.7151.03)

DEPENDENCIES:
  - Flutter (from `Flutter`)
  - flutter_keyboard_visibility (from `.symlinks/plugins/flutter_keyboard_visibility/ios`)
  - flutter_webrtc (from `.symlinks/plugins/flutter_webrtc/ios`)
  - path_provider_foundation (from `.symlinks/plugins/path_provider_foundation/darwin`)
  - pointer_interceptor_ios (from `.symlinks/plugins/pointer_interceptor_ios/ios`)
  - url_launcher_ios (from `.symlinks/plugins/url_launcher_ios/ios`)

SPEC REPOS:
  trunk:
    - WebRTC-SDK

EXTERNAL SOURCES:
  Flutter:
    :path: Flutter
  flutter_keyboard_visibility:
    :path: ".symlinks/plugins/flutter_keyboard_visibility/ios"
  flutter_webrtc:
    :path: ".symlinks/plugins/flutter_webrtc/ios"
  path_provider_foundation:
    :path: ".symlinks/plugins/path_provider_foundation/darwin"
  pointer_interceptor_ios:
    :path: ".symlinks/plugins/pointer_interceptor_ios/ios"
  url_launcher_ios:
    :path: ".symlinks/plugins/url_launcher_ios/ios"

SPEC CHECKSUMS:
  Flutter: cabc95a1d2626b1b06e7179b784ebcf0c0cde467
  flutter_keyboard_visibility: 4625131e43015dbbe759d9b20daaf77e0e3f6619
  flutter_webrtc: b0b2e04411747142962164a1cfa43a1af9a0afac
  path_provider_foundation: 080d55be775b7414fd5a5ef3ac137b97b097e564
  pointer_interceptor_ios: ec847ef8b0915778bed2b2cef636f4d177fa8eed
  url_launcher_ios: 694010445543906933d732453a59da0a173ae33d
  WebRTC-SDK: 69d4e56b0b4b27d788e87bab9b9a1326ed05b1e3

PODFILE CHECKSUM: ce2a4dd764e1c7aeed6a7cdc5e61d092b6dc6d32

COCOAPODS: 1.16.2
